Microsoft Visual Studio Solution File, Format Version 11.00
# Visual Studio 2008

Project("{AD693EDA-65DB-A4D9-982D-1CC7BB8B25F1}") = "azuquitar", "Assembly-CSharp.csproj", "{F45DC13B-56CC-5E20-81EE-FDDA4D91B212}"
EndProject
Global
	GlobalSection(SolutionConfigurationPlatforms) = preSolution
		Debug|Any CPU = Debug|Any CPU
		Release|Any CPU = Release|Any CPU
	EndGlobalSection
	GlobalSection(ProjectConfigurationPlatforms) = postSolution
		{F45DC13B-56CC-5E20-81EE-FDDA4D91B212}.Debug|Any CPU.ActiveCfg = Debug|Any CPU
		{F45DC13B-56CC-5E20-81EE-FDDA4D91B212}.Debug|Any CPU.Build.0 = Debug|Any CPU
		{F45DC13B-56CC-5E20-81EE-FDDA4D91B212}.Release|Any CPU.ActiveCfg = Release|Any CPU
		{F45DC13B-56CC-5E20-81EE-FDDA4D91B212}.Release|Any CPU.Build.0 = Release|Any CPU
	EndGlobalSection
	GlobalSection(SolutionProperties) = preSolution
		HideSolutionNode = FALSE
	EndGlobalSection
	GlobalSection(MonoDevelopProperties) = preSolution
		StartupItem = Assembly-CSharp.csproj
	EndGlobalSection
EndGlobal
